// !$*UTF8*$!
{
	archiveVersion = 1;
	classes = {
	};
	objectVersion = 50;
	objects = {

/* Begin PBXBuildFile section */
		414BA63D04005A2058798ACA /* Pods_DemoCicd.framework in Frameworks */ = {isa = PBXBuildFile; fileRef = 5773D9627BCB998485231A51 /* Pods_DemoCicd.framework */; };
		4F27F35BAA03F06347744C24 /* Pods_DemoCicdTests.framework in Frameworks */ = {isa = PBXBuildFile; fileRef = FD983E4A8B62804BECBCEE03 /* Pods_DemoCicdTests.framework */; };
		8C103BF5262B00E400EEEF6D /* AppDelegate.swift in Sources */ = {isa = PBXBuildFile; fileRef = 8C103BF4262B00E400EEEF6D /* AppDelegate.swift */; };
		8C103BF7262B00E400EEEF6D /* SceneDelegate.swift in Sources */ = {isa = PBXBuildFile; fileRef = 8C103BF6262B00E400EEEF6D /* SceneDelegate.swift */; };
		8C103BF9262B00E400EEEF6D /* ViewController.swift in Sources */ = {isa = PBXBuildFile; fileRef = 8C103BF8262B00E400EEEF6D /* ViewController.swift */; };
		8C103BFC262B00E400EEEF6D /* Main.storyboard in Resources */ = {isa = PBXBuildFile; fileRef = 8C103BFA262B00E400EEEF6D /* Main.storyboard */; };
		8C103BFE262B00E600EEEF6D /* Assets.xcassets in Resources */ = {isa = PBXBuildFile; fileRef = 8C103BFD262B00E600EEEF6D /* Assets.xcassets */; };
		8C103C01262B00E600EEEF6D /* LaunchScreen.storyboard in Resources */ = {isa = PBXBuildFile; fileRef = 8C103BFF262B00E600EEEF6D /* LaunchScreen.storyboard */; };
		8C103C0C262B00E600EEEF6D /* DemoCicdTests.swift in Sources */ = {isa = PBXBuildFile; fileRef = 8C103C0B262B00E600EEEF6D /* DemoCicdTests.swift */; };
		8C103C17262B00E600EEEF6D /* DemoCicdUITests.swift in Sources */ = {isa = PBXBuildFile; fileRef = 8C103C16262B00E600EEEF6D /* DemoCicdUITests.swift */; };
		FE450B9BA0E7254BDD301367 /* Pods_DemoCicd_DemoCicdUITests.framework in Frameworks */ = {isa = PBXBuildFile; fileRef = 27483D5E507BA3EFF0AF71B3 /* Pods_DemoCicd_DemoCicdUITests.framework */; };
/* End PBXBuildFile section */

/* Begin PBXContainerItemProxy section */
		8C103C08262B00E600EEEF6D /* PBXContainerItemProxy */ = {
			isa = PBXContainerItemProxy;
			containerPortal = 8C103BE9262B00E400EEEF6D /* Project object */;
			proxyType = 1;
			remoteGlobalIDString = 8C103BF0262B00E400EEEF6D;
			remoteInfo = DemoCicd;
		};
		8C103C13262B00E600EEEF6D /* PBXContainerItemProxy */ = {
			isa = PBXContainerItemProxy;
			containerPortal = 8C103BE9262B00E400EEEF6D /* Project object */;
			proxyType = 1;
			remoteGlobalIDString = 8C103BF0262B00E400EEEF6D;
			remoteInfo = DemoCicd;
		};
/* End PBXContainerItemProxy section */

/* Begin PBXFileReference section */
		27483D5E507BA3EFF0AF71B3 /* Pods_DemoCicd_DemoCicdUITests.framework */ = {isa = PBXFileReference; explicitFileType = wrapper.framework; includeInIndex = 0; path = Pods_DemoCicd_DemoCicdUITests.framework; sourceTree = BUILT_PRODUCTS_DIR; };
		50CAC7BA23851EC2B160DA61 /* Pods-DemoCicd.release.xcconfig */ = {isa = PBXFileReference; includeInIndex = 1; lastKnownFileType = text.xcconfig; name = "Pods-DemoCicd.release.xcconfig"; path = "Target Support Files/Pods-DemoCicd/Pods-DemoCicd.release.xcconfig"; sourceTree = "<group>"; };
		5773D9627BCB998485231A51 /* Pods_DemoCicd.framework */ = {isa = PBXFileReference; explicitFileType = wrapper.framework; includeInIndex = 0; path = Pods_DemoCicd.framework; sourceTree = BUILT_PRODUCTS_DIR; };
		5D67096DD4E44C18CF26D314 /* Pods-DemoCicd-DemoCicdUITests.release.xcconfig */ = {isa = PBXFileReference; includeInIndex = 1; lastKnownFileType = text.xcconfig; name = "Pods-DemoCicd-DemoCicdUITests.release.xcconfig"; path = "Target Support Files/Pods-DemoCicd-DemoCicdUITests/Pods-DemoCicd-DemoCicdUITests.release.xcconfig"; sourceTree = "<group>"; };
		6DEC06DFFB63B5AF27A08DE0 /* Pods-DemoCicdTests.debug.xcconfig */ = {isa = PBXFileReference; includeInIndex = 1; lastKnownFileType = text.xcconfig; name = "Pods-DemoCicdTests.debug.xcconfig"; path = "Target Support Files/Pods-DemoCicdTests/Pods-DemoCicdTests.debug.xcconfig"; sourceTree = "<group>"; };
		8C103BF1262B00E400EEEF6D /* DemoCicd.app */ = {isa = PBXFileReference; explicitFileType = wrapper.application; includeInIndex = 0; path = DemoCicd.app; sourceTree = BUILT_PRODUCTS_DIR; };
		8C103BF4262B00E400EEEF6D /* AppDelegate.swift */ = {isa = PBXFileReference; lastKnownFileType = sourcecode.swift; path = AppDelegate.swift; sourceTree = "<group>"; };
		8C103BF6262B00E400EEEF6D /* SceneDelegate.swift */ = {isa = PBXFileReference; lastKnownFileType = sourcecode.swift; path = SceneDelegate.swift; sourceTree = "<group>"; };
		8C103BF8262B00E400EEEF6D /* ViewController.swift */ = {isa = PBXFileReference; lastKnownFileType = sourcecode.swift; path = ViewController.swift; sourceTree = "<group>"; };
		8C103BFB262B00E400EEEF6D /* Base */ = {isa = PBXFileReference; lastKnownFileType = file.storyboard; name = Base; path = Base.lproj/Main.storyboard; sourceTree = "<group>"; };
		8C103BFD262B00E600EEEF6D /* Assets.xcassets */ = {isa = PBXFileReference; lastKnownFileType = folder.assetcatalog; path = Assets.xcassets; sourceTree = "<group>"; };
		8C103C00262B00E600EEEF6D /* Base */ = {isa = PBXFileReference; lastKnownFileType = file.storyboard; name = Base; path = Base.lproj/LaunchScreen.storyboard; sourceTree = "<group>"; };
		8C103C02262B00E600EEEF6D /* Info.plist */ = {isa = PBXFileReference; lastKnownFileType = text.plist.xml; path = Info.plist; sourceTree = "<group>"; };
		8C103C07262B00E600EEEF6D /* DemoCicdTests.xctest */ = {isa = PBXFileReference; explicitFileType = wrapper.cfbundle; includeInIndex = 0; path = DemoCicdTests.xctest; sourceTree = BUILT_PRODUCTS_DIR; };
		8C103C0B262B00E600EEEF6D /* DemoCicdTests.swift */ = {isa = PBXFileReference; lastKnownFileType = sourcecode.swift; path = DemoCicdTests.swift; sourceTree = "<group>"; };
		8C103C0D262B00E600EEEF6D /* Info.plist */ = {isa = PBXFileReference; lastKnownFileType = text.plist.xml; path = Info.plist; sourceTree = "<group>"; };
		8C103C12262B00E600EEEF6D /* DemoCicdUITests.xctest */ = {isa = PBXFileReference; explicitFileType = wrapper.cfbundle; includeInIndex = 0; path = DemoCicdUITests.xctest; sourceTree = BUILT_PRODUCTS_DIR; };
		8C103C16262B00E600EEEF6D /* DemoCicdUITests.swift */ = {isa = PBXFileReference; lastKnownFileType = sourcecode.swift; path = DemoCicdUITests.swift; sourceTree = "<group>"; };
		8C103C18262B00E600EEEF6D /* Info.plist */ = {isa = PBXFileReference; lastKnownFileType = text.plist.xml; path = Info.plist; sourceTree = "<group>"; };
		ACA0103B458722E6924388A8 /* Pods-DemoCicdTests.release.xcconfig */ = {isa = PBXFileReference; includeInIndex = 1; lastKnownFileType = text.xcconfig; name = "Pods-DemoCicdTests.release.xcconfig"; path = "Target Support Files/Pods-DemoCicdTests/Pods-DemoCicdTests.release.xcconfig"; sourceTree = "<group>"; };
		C3C2FB46828D92EA4DCCA477 /* Pods-DemoCicd.debug.xcconfig */ = {isa = PBXFileReference; includeInIndex = 1; lastKnownFileType = text.xcconfig; name = "Pods-DemoCicd.debug.xcconfig"; path = "Target Support Files/Pods-DemoCicd/Pods-DemoCicd.debug.xcconfig"; sourceTree = "<group>"; };
		F9C82C5FD1AFD79026370961 /* Pods-DemoCicd-DemoCicdUITests.debug.xcconfig */ = {isa = PBXFileReference; includeInIndex = 1; lastKnownFileType = text.xcconfig; name = "Pods-DemoCicd-DemoCicdUITests.debug.xcconfig"; path = "Target Support Files/Pods-DemoCicd-DemoCicdUITests/Pods-DemoCicd-DemoCicdUITests.debug.xcconfig"; sourceTree = "<group>"; };
		FD983E4A8B62804BECBCEE03 /* Pods_DemoCicdTests.framework */ = {isa = PBXFileReference; explicitFileType = wrapper.framework; includeInIndex = 0; path = Pods_DemoCicdTests.framework; sourceTree = BUILT_PRODUCTS_DIR; };
/* End PBXFileReference section */

/* Begin PBXFrameworksBuildPhase section */
		8C103BEE262B00E400EEEF6D /* Frameworks */ = {
			isa = PBXFrameworksBuildPhase;
			buildActionMask = 2147483647;
			files = (
				414BA63D04005A2058798ACA /* Pods_DemoCicd.framework in Frameworks */,
			);
			runOnlyForDeploymentPostprocessing = 0;
		};
		8C103C04262B00E600EEEF6D /* Frameworks */ = {
			isa = PBXFrameworksBuildPhase;
			buildActionMask = 2147483647;
			files = (
				4F27F35BAA03F06347744C24 /* Pods_DemoCicdTests.framework in Frameworks */,
			);
			runOnlyForDeploymentPostprocessing = 0;
		};
		8C103C0F262B00E600EEEF6D /* Frameworks */ = {
			isa = PBXFrameworksBuildPhase;
			buildActionMask = 2147483647;
			files = (
				FE450B9BA0E7254BDD301367 /* Pods_DemoCicd_DemoCicdUITests.framework in Frameworks */,
			);
			runOnlyForDeploymentPostprocessing = 0;
		};
/* End PBXFrameworksBuildPhase section */

/* Begin PBXGroup section */
		2363B97CFCE7988B02ABBF9E /* Frameworks */ = {
			isa = PBXGroup;
			children = (
				5773D9627BCB998485231A51 /* Pods_DemoCicd.framework */,
				27483D5E507BA3EFF0AF71B3 /* Pods_DemoCicd_DemoCicdUITests.framework */,
				FD983E4A8B62804BECBCEE03 /* Pods_DemoCicdTests.framework */,
			);
			name = Frameworks;
			sourceTree = "<group>";
		};
		8C103BE8262B00E400EEEF6D = {
			isa = PBXGroup;
			children = (
				8C103BF3262B00E400EEEF6D /* DemoCicd */,
				8C103C0A262B00E600EEEF6D /* DemoCicdTests */,
				8C103C15262B00E600EEEF6D /* DemoCicdUITests */,
				8C103BF2262B00E400EEEF6D /* Products */,
				9BB3743DD9331A4F8D7F4193 /* Pods */,
				2363B97CFCE7988B02ABBF9E /* Frameworks */,
			);
			sourceTree = "<group>";
		};
		8C103BF2262B00E400EEEF6D /* Products */ = {
			isa = PBXGroup;
			children = (
				8C103BF1262B00E400EEEF6D /* DemoCicd.app */,
				8C103C07262B00E600EEEF6D /* DemoCicdTests.xctest */,
				8C103C12262B00E600EEEF6D /* DemoCicdUITests.xctest */,
			);
			name = Products;
			sourceTree = "<group>";
		};
		8C103BF3262B00E400EEEF6D /* DemoCicd */ = {
			isa = PBXGroup;
			children = (
				8C103BF4262B00E400EEEF6D /* AppDelegate.swift */,
				8C103BF6262B00E400EEEF6D /* SceneDelegate.swift */,
				8C103BF8262B00E400EEEF6D /* ViewController.swift */,
				8C103BFA262B00E400EEEF6D /* Main.storyboard */,
				8C103BFD262B00E600EEEF6D /* Assets.xcassets */,
				8C103BFF262B00E600EEEF6D /* LaunchScreen.storyboard */,
				8C103C02262B00E600EEEF6D /* Info.plist */,
			);
			path = DemoCicd;
			sourceTree = "<group>";
		};
		8C103C0A262B00E600EEEF6D /* DemoCicdTests */ = {
			isa = PBXGroup;
			children = (
				8C103C0B262B00E600EEEF6D /* DemoCicdTests.swift */,
				8C103C0D262B00E600EEEF6D /* Info.plist */,
			);
			path = DemoCicdTests;
			sourceTree = "<group>";
		};
		8C103C15262B00E600EEEF6D /* DemoCicdUITests */ = {
			isa = PBXGroup;
			children = (
				8C103C16262B00E600EEEF6D /* DemoCicdUITests.swift */,
				8C103C18262B00E600EEEF6D /* Info.plist */,
			);
			path = DemoCicdUITests;
			sourceTree = "<group>";
		};
		9BB3743DD9331A4F8D7F4193 /* Pods */ = {
			isa = PBXGroup;
			children = (
				C3C2FB46828D92EA4DCCA477 /* Pods-DemoCicd.debug.xcconfig */,
				50CAC7BA23851EC2B160DA61 /* Pods-DemoCicd.release.xcconfig */,
				F9C82C5FD1AFD79026370961 /* Pods-DemoCicd-DemoCicdUITests.debug.xcconfig */,
				5D67096DD4E44C18CF26D314 /* Pods-DemoCicd-DemoCicdUITests.release.xcconfig */,
				6DEC06DFFB63B5AF27A08DE0 /* Pods-DemoCicdTests.debug.xcconfig */,
				ACA0103B458722E6924388A8 /* Pods-DemoCicdTests.release.xcconfig */,
			);
			name = Pods;
			path = Pods;
			sourceTree = "<group>";
		};
/* End PBXGroup section */

/* Begin PBXNativeTarget section */
		8C103BF0262B00E400EEEF6D /* DemoCicd */ = {
			isa = PBXNativeTarget;
			buildConfigurationList = 8C103C1B262B00E600EEEF6D /* Build configuration list for PBXNativeTarget "DemoCicd" */;
			buildPhases = (
				28D37E97915E64643B3615D6 /* [CP] Check Pods Manifest.lock */,
				8C103BED262B00E400EEEF6D /* Sources */,
				8C103BEE262B00E400EEEF6D /* Frameworks */,
				8C103BEF262B00E400EEEF6D /* Resources */,
				5873BBAEAEACB7F2DFEE50B4 /* [CP] Embed Pods Frameworks */,
			);
			buildRules = (
			);
			dependencies = (
			);
			name = DemoCicd;
			productName = DemoCicd;
			productReference = 8C103BF1262B00E400EEEF6D /* DemoCicd.app */;
			productType = "com.apple.product-type.application";
		};
		8C103C06262B00E600EEEF6D /* DemoCicdTests */ = {
			isa = PBXNativeTarget;
			buildConfigurationList = 8C103C1E262B00E600EEEF6D /* Build configuration list for PBXNativeTarget "DemoCicdTests" */;
			buildPhases = (
				9AF4EF7962408D9D1AF6080B /* [CP] Check Pods Manifest.lock */,
				8C103C03262B00E600EEEF6D /* Sources */,
				8C103C04262B00E600EEEF6D /* Frameworks */,
				8C103C05262B00E600EEEF6D /* Resources */,
			);
			buildRules = (
			);
			dependencies = (
				8C103C09262B00E600EEEF6D /* PBXTargetDependency */,
			);
			name = DemoCicdTests;
			productName = DemoCicdTests;
			productReference = 8C103C07262B00E600EEEF6D /* DemoCicdTests.xctest */;
			productType = "com.apple.product-type.bundle.unit-test";
		};
		8C103C11262B00E600EEEF6D /* DemoCicdUITests */ = {
			isa = PBXNativeTarget;
			buildConfigurationList = 8C103C21262B00E600EEEF6D /* Build configuration list for PBXNativeTarget "DemoCicdUITests" */;
			buildPhases = (
				BCE0E624A57997F109E7A2A5 /* [CP] Check Pods Manifest.lock */,
				8C103C0E262B00E600EEEF6D /* Sources */,
				8C103C0F262B00E600EEEF6D /* Frameworks */,
				8C103C10262B00E600EEEF6D /* Resources */,
				2C0490BF39DB4B480C049B77 /* [CP] Embed Pods Frameworks */,
			);
			buildRules = (
			);
			dependencies = (
				8C103C14262B00E600EEEF6D /* PBXTargetDependency */,
			);
			name = DemoCicdUITests;
			productName = DemoCicdUITests;
			productReference = 8C103C12262B00E600EEEF6D /* DemoCicdUITests.xctest */;
			productType = "com.apple.product-type.bundle.ui-testing";
		};
/* End PBXNativeTarget section */

/* Begin PBXProject section */
		8C103BE9262B00E400EEEF6D /* Project object */ = {
			isa = PBXProject;
			attributes = {
				LastSwiftUpdateCheck = 1230;
				LastUpgradeCheck = 1230;
				TargetAttributes = {
					8C103BF0262B00E400EEEF6D = {
						CreatedOnToolsVersion = 12.3;
					};
					8C103C06262B00E600EEEF6D = {
						CreatedOnToolsVersion = 12.3;
						TestTargetID = 8C103BF0262B00E400EEEF6D;
					};
					8C103C11262B00E600EEEF6D = {
						CreatedOnToolsVersion = 12.3;
						TestTargetID = 8C103BF0262B00E400EEEF6D;
					};
				};
			};
			buildConfigurationList = 8C103BEC262B00E400EEEF6D /* Build configuration list for PBXProject "DemoCicd" */;
			compatibilityVersion = "Xcode 9.3";
			developmentRegion = en;
			hasScannedForEncodings = 0;
			knownRegions = (
				en,
				Base,
			);
			mainGroup = 8C103BE8262B00E400EEEF6D;
			productRefGroup = 8C103BF2262B00E400EEEF6D /* Products */;
			projectDirPath = "";
			projectRoot = "";
			targets = (
				8C103BF0262B00E400EEEF6D /* DemoCicd */,
				8C103C06262B00E600EEEF6D /* DemoCicdTests */,
				8C103C11262B00E600EEEF6D /* DemoCicdUITests */,
			);
		};
/* End PBXProject section */

/* Begin PBXResourcesBuildPhase section */
		8C103BEF262B00E400EEEF6D /* Resources */ = {
			isa = PBXResourcesBuildPhase;
			buildActionMask = 2147483647;
			files = (
				8C103C01262B00E600EEEF6D /* LaunchScreen.storyboard in Resources */,
				8C103BFE262B00E600EEEF6D /* Assets.xcassets in Resources */,
				8C103BFC262B00E400EEEF6D /* Main.storyboard in Resources */,
			);
			runOnlyForDeploymentPostprocessing = 0;
		};
		8C103C05262B00E600EEEF6D /* Resources */ = {
			isa = PBXResourcesBuildPhase;
			buildActionMask = 2147483647;
			files = (
			);
			runOnlyForDeploymentPostprocessing = 0;
		};
		8C103C10262B00E600EEEF6D /* Resources */ = {
			isa = PBXResourcesBuildPhase;
			buildActionMask = 2147483647;
			files = (
			);
			runOnlyForDeploymentPostprocessing = 0;
		};
/* End PBXResourcesBuildPhase section */

/* Begin PBXShellScriptBuildPhase section */
		28D37E97915E64643B3615D6 /* [CP] Check Pods Manifest.lock */ = {
			isa = PBXShellScriptBuildPhase;
			buildActionMask = 2147483647;
			files = (
			);
			inputFileListPaths = (
			);
			inputPaths = (
				"${PODS_PODFILE_DIR_PATH}/Podfile.lock",
				"${PODS_ROOT}/Manifest.lock",
			);
			name = "[CP] Check Pods Manifest.lock";
			outputFileListPaths = (
			);
			outputPaths = (
				"$(DERIVED_FILE_DIR)/Pods-DemoCicd-checkManifestLockResult.txt",
			);
			runOnlyForDeploymentPostprocessing = 0;
			shellPath = /bin/sh;
			shellScript = "diff \"${PODS_PODFILE_DIR_PATH}/Podfile.lock\" \"${PODS_ROOT}/Manifest.lock\" > /dev/null\nif [ $? != 0 ] ; then\n    # print error to STDERR\n    echo \"error: The sandbox is not in sync with the Podfile.lock. Run 'pod install' or update your CocoaPods installation.\" >&2\n    exit 1\nfi\n# This output is used by Xcode 'outputs' to avoid re-running this script phase.\necho \"SUCCESS\" > \"${SCRIPT_OUTPUT_FILE_0}\"\n";
			showEnvVarsInLog = 0;
		};
		2C0490BF39DB4B480C049B77 /* [CP] Embed Pods Frameworks */ = {
			isa = PBXShellScriptBuildPhase;
			buildActionMask = 2147483647;
			files = (
			);
			inputFileListPaths = (
				"${PODS_ROOT}/Target Support Files/Pods-DemoCicd-DemoCicdUITests/Pods-DemoCicd-DemoCicdUITests-frameworks-${CONFIGURATION}-input-files.xcfilelist",
			);
			name = "[CP] Embed Pods Frameworks";
			outputFileListPaths = (
				"${PODS_ROOT}/Target Support Files/Pods-DemoCicd-DemoCicdUITests/Pods-DemoCicd-DemoCicdUITests-frameworks-${CONFIGURATION}-output-files.xcfilelist",
			);
			runOnlyForDeploymentPostprocessing = 0;
			shellPath = /bin/sh;
			shellScript = "\"${PODS_ROOT}/Target Support Files/Pods-DemoCicd-DemoCicdUITests/Pods-DemoCicd-DemoCicdUITests-frameworks.sh\"\n";
			showEnvVarsInLog = 0;
		};
		5873BBAEAEACB7F2DFEE50B4 /* [CP] Embed Pods Frameworks */ = {
			isa = PBXShellScriptBuildPhase;
			buildActionMask = 2147483647;
			files = (
			);
			inputFileListPaths = (
				"${PODS_ROOT}/Target Support Files/Pods-DemoCicd/Pods-DemoCicd-frameworks-${CONFIGURATION}-input-files.xcfilelist",
			);
			name = "[CP] Embed Pods Frameworks";
			outputFileListPaths = (
				"${PODS_ROOT}/Target Support Files/Pods-DemoCicd/Pods-DemoCicd-frameworks-${CONFIGURATION}-output-files.xcfilelist",
			);
			runOnlyForDeploymentPostprocessing = 0;
			shellPath = /bin/sh;
			shellScript = "\"${PODS_ROOT}/Target Support Files/Pods-DemoCicd/Pods-DemoCicd-frameworks.sh\"\n";
			showEnvVarsInLog = 0;
		};
		9AF4EF7962408D9D1AF6080B /* [CP] Check Pods Manifest.lock */ = {
			isa = PBXShellScriptBuildPhase;
			buildActionMask = 2147483647;
			files = (
			);
			inputFileListPaths = (
			);
			inputPaths = (
				"${PODS_PODFILE_DIR_PATH}/Podfile.lock",
				"${PODS_ROOT}/Manifest.lock",
			);
			name = "[CP] Check Pods Manifest.lock";
			outputFileListPaths = (
			);
			outputPaths = (
				"$(DERIVED_FILE_DIR)/Pods-DemoCicdTests-checkManifestLockResult.txt",
			);
			runOnlyForDeploymentPostprocessing = 0;
			shellPath = /bin/sh;
			shellScript = "diff \"${PODS_PODFILE_DIR_PATH}/Podfile.lock\" \"${PODS_ROOT}/Manifest.lock\" > /dev/null\nif [ $? != 0 ] ; then\n    # print error to STDERR\n    echo \"error: The sandbox is not in sync with the Podfile.lock. Run 'pod install' or update your CocoaPods installation.\" >&2\n    exit 1\nfi\n# This output is used by Xcode 'outputs' to avoid re-running this script phase.\necho \"SUCCESS\" > \"${SCRIPT_OUTPUT_FILE_0}\"\n";
			showEnvVarsInLog = 0;
		};
		BCE0E624A57997F109E7A2A5 /* [CP] Check Pods Manifest.lock */ = {
			isa = PBXShellScriptBuildPhase;
			buildActionMask = 2147483647;
			files = (
			);
			inputFileListPaths = (
			);
			inputPaths = (
				"${PODS_PODFILE_DIR_PATH}/Podfile.lock",
				"${PODS_ROOT}/Manifest.lock",
			);
			name = "[CP] Check Pods Manifest.lock";
			outputFileListPaths = (
			);
			outputPaths = (
				"$(DERIVED_FILE_DIR)/Pods-DemoCicd-DemoCicdUITests-checkManifestLockResult.txt",
			);
			runOnlyForDeploymentPostprocessing = 0;
			shellPath = /bin/sh;
			shellScript = "diff \"${PODS_PODFILE_DIR_PATH}/Podfile.lock\" \"${PODS_ROOT}/Manifest.lock\" > /dev/null\nif [ $? != 0 ] ; then\n    # print error to STDERR\n    echo \"error: The sandbox is not in sync with the Podfile.lock. Run 'pod install' or update your CocoaPods installation.\" >&2\n    exit 1\nfi\n# This output is used by Xcode 'outputs' to avoid re-running this script phase.\necho \"SUCCESS\" > \"${SCRIPT_OUTPUT_FILE_0}\"\n";
			showEnvVarsInLog = 0;
		};
/* End PBXShellScriptBuildPhase section */

/* Begin PBXSourcesBuildPhase section */
		8C103BED262B00E400EEEF6D /* Sources */ = {
			isa = PBXSourcesBuildPhase;
			buildActionMask = 2147483647;
			files = (
				8C103BF9262B00E400EEEF6D /* ViewController.swift in Sources */,
				8C103BF5262B00E400EEEF6D /* AppDelegate.swift in Sources */,
				8C103BF7262B00E400EEEF6D /* SceneDelegate.swift in Sources */,
			);
			runOnlyForDeploymentPostprocessing = 0;
		};
		8C103C03262B00E600EEEF6D /* Sources */ = {
			isa = PBXSourcesBuildPhase;
			buildActionMask = 2147483647;
			files = (
				8C103C0C262B00E600EEEF6D /* DemoCicdTests.swift in Sources */,
			);
			runOnlyForDeploymentPostprocessing = 0;
		};
		8C103C0E262B00E600EEEF6D /* Sources */ = {
			isa = PBXSourcesBuildPhase;
			buildActionMask = 2147483647;
			files = (
				8C103C17262B00E600EEEF6D /* DemoCicdUITests.swift in Sources */,
			);
			runOnlyForDeploymentPostprocessing = 0;
		};
/* End PBXSourcesBuildPhase section */

/* Begin PBXTargetDependency section */
		8C103C09262B00E600EEEF6D /* PBXTargetDependency */ = {
			isa = PBXTargetDependency;
			target = 8C103BF0262B00E400EEEF6D /* DemoCicd */;
			targetProxy = 8C103C08262B00E600EEEF6D /* PBXContainerItemProxy */;
		};
		8C103C14262B00E600EEEF6D /* PBXTargetDependency */ = {
			isa = PBXTargetDependency;
			target = 8C103BF0262B00E400EEEF6D /* DemoCicd */;
			targetProxy = 8C103C13262B00E600EEEF6D /* PBXContainerItemProxy */;
		};
/* End PBXTargetDependency section */

/* Begin PBXVariantGroup section */
		8C103BFA262B00E400EEEF6D /* Main.storyboard */ = {
			isa = PBXVariantGroup;
			children = (
				8C103BFB262B00E400EEEF6D /* Base */,
			);
			name = Main.storyboard;
			sourceTree = "<group>";
		};
		8C103BFF262B00E600EEEF6D /* LaunchScreen.storyboard */ = {
			isa = PBXVariantGroup;
			children = (
				8C103C00262B00E600EEEF6D /* Base */,
			);
			name = LaunchScreen.storyboard;
			sourceTree = "<group>";
		};
/* End PBXVariantGroup section */

/* Begin XCBuildConfiguration section */
		8C103C19262B00E600EEEF6D /* Debug */ = {
			isa = XCBuildConfiguration;
			buildSettings = {
				ALWAYS_SEARCH_USER_PATHS = NO;
				CLANG_ANALYZER_NONNULL = YES;
				CLANG_ANALYZER_NUMBER_OBJECT_CONVERSION = YES_AGGRESSIVE;
				CLANG_CXX_LANGUAGE_STANDARD = "gnu++14";
				CLANG_CXX_LIBRARY = "libc++";
				CLANG_ENABLE_MODULES = YES;
				CLANG_ENABLE_OBJC_ARC = YES;
				CLANG_ENABLE_OBJC_WEAK = YES;
				CLANG_WARN_BLOCK_CAPTURE_AUTORELEASING = YES;
				CLANG_WARN_BOOL_CONVERSION = YES;
				CLANG_WARN_COMMA = YES;
				CLANG_WARN_CONSTANT_CONVERSION = YES;
				CLANG_WARN_DEPRECATED_OBJC_IMPLEMENTATIONS = YES;
				CLANG_WARN_DIRECT_OBJC_ISA_USAGE = YES_ERROR;
				CLANG_WARN_DOCUMENTATION_COMMENTS = YES;
				CLANG_WARN_EMPTY_BODY = YES;
				CLANG_WARN_ENUM_CONVERSION = YES;
				CLANG_WARN_INFINITE_RECURSION = YES;
				CLANG_WARN_INT_CONVERSION = YES;
				CLANG_WARN_NON_LITERAL_NULL_CONVERSION = YES;
				CLANG_WARN_OBJC_IMPLICIT_RETAIN_SELF = YES;
				CLANG_WARN_OBJC_LITERAL_CONVERSION = YES;
				CLANG_WARN_OBJC_ROOT_CLASS = YES_ERROR;
				CLANG_WARN_QUOTED_INCLUDE_IN_FRAMEWORK_HEADER = YES;
				CLANG_WARN_RANGE_LOOP_ANALYSIS = YES;
				CLANG_WARN_STRICT_PROTOTYPES = YES;
				CLANG_WARN_SUSPICIOUS_MOVE = YES;
				CLANG_WARN_UNGUARDED_AVAILABILITY = YES_AGGRESSIVE;
				CLANG_WARN_UNREACHABLE_CODE = YES;
				CLANG_WARN__DUPLICATE_METHOD_MATCH = YES;
				COPY_PHASE_STRIP = NO;
				DEBUG_INFORMATION_FORMAT = dwarf;
				ENABLE_STRICT_OBJC_MSGSEND = YES;
				ENABLE_TESTABILITY = YES;
				GCC_C_LANGUAGE_STANDARD = gnu11;
				GCC_DYNAMIC_NO_PIC = NO;
				GCC_NO_COMMON_BLOCKS = YES;
				GCC_OPTIMIZATION_LEVEL = 0;
				GCC_PREPROCESSOR_DEFINITIONS = (
					"DEBUG=1",
					"$(inherited)",
				);
				GCC_WARN_64_TO_32_BIT_CONVERSION = YES;
				GCC_WARN_ABOUT_RETURN_TYPE = YES_ERROR;
				GCC_WARN_UNDECLARED_SELECTOR = YES;
				GCC_WARN_UNINITIALIZED_AUTOS = YES_AGGRESSIVE;
				GCC_WARN_UNUSED_FUNCTION = YES;
				GCC_WARN_UNUSED_VARIABLE = YES;
				IPHONEOS_DEPLOYMENT_TARGET = 14.3;
				MTL_ENABLE_DEBUG_INFO = INCLUDE_SOURCE;
				MTL_FAST_MATH = YES;
				ONLY_ACTIVE_ARCH = YES;
				SDKROOT = iphoneos;
				SWIFT_ACTIVE_COMPILATION_CONDITIONS = DEBUG;
				SWIFT_OPTIMIZATION_LEVEL = "-Onone";
			};
			name = Debug;
		};
		8C103C1A262B00E600EEEF6D /* Release */ = {
			isa = XCBuildConfiguration;
			buildSettings = {
				ALWAYS_SEARCH_USER_PATHS = NO;
				CLANG_ANALYZER_NONNULL = YES;
				CLANG_ANALYZER_NUMBER_OBJECT_CONVERSION = YES_AGGRESSIVE;
				CLANG_CXX_LANGUAGE_STANDARD = "gnu++14";
				CLANG_CXX_LIBRARY = "libc++";
				CLANG_ENABLE_MODULES = YES;
				CLANG_ENABLE_OBJC_ARC = YES;
				CLANG_ENABLE_OBJC_WEAK = YES;
				CLANG_WARN_BLOCK_CAPTURE_AUTORELEASING = YES;
				CLANG_WARN_BOOL_CONVERSION = YES;
				CLANG_WARN_COMMA = YES;
				CLANG_WARN_CONSTANT_CONVERSION = YES;
				CLANG_WARN_DEPRECATED_OBJC_IMPLEMENTATIONS = YES;
				CLANG_WARN_DIRECT_OBJC_ISA_USAGE = YES_ERROR;
				CLANG_WARN_DOCUMENTATION_COMMENTS = YES;
				CLANG_WARN_EMPTY_BODY = YES;
				CLANG_WARN_ENUM_CONVERSION = YES;
				CLANG_WARN_INFINITE_RECURSION = YES;
				CLANG_WARN_INT_CONVERSION = YES;
				CLANG_WARN_NON_LITERAL_NULL_CONVERSION = YES;
				CLANG_WARN_OBJC_IMPLICIT_RETAIN_SELF = YES;
				CLANG_WARN_OBJC_LITERAL_CONVERSION = YES;
				CLANG_WARN_OBJC_ROOT_CLASS = YES_ERROR;
				CLANG_WARN_QUOTED_INCLUDE_IN_FRAMEWORK_HEADER = YES;
				CLANG_WARN_RANGE_LOOP_ANALYSIS = YES;
				CLANG_WARN_STRICT_PROTOTYPES = YES;
				CLANG_WARN_SUSPICIOUS_MOVE = YES;
				CLANG_WARN_UNGUARDED_AVAILABILITY = YES_AGGRESSIVE;
				CLANG_WARN_UNREACHABLE_CODE = YES;
				CLANG_WARN__DUPLICATE_METHOD_MATCH = YES;
				COPY_PHASE_STRIP = NO;
				DEBUG_INFORMATION_FORMAT = "dwarf-with-dsym";
				ENABLE_NS_ASSERTIONS = NO;
				ENABLE_STRICT_OBJC_MSGSEND = YES;
				GCC_C_LANGUAGE_STANDARD = gnu11;
				GCC_NO_COMMON_BLOCKS = YES;
				GCC_WARN_64_TO_32_BIT_CONVERSION = YES;
				GCC_WARN_ABOUT_RETURN_TYPE = YES_ERROR;
				GCC_WARN_UNDECLARED_SELECTOR = YES;
				GCC_WARN_UNINITIALIZED_AUTOS = YES_AGGRESSIVE;
				GCC_WARN_UNUSED_FUNCTION = YES;
				GCC_WARN_UNUSED_VARIABLE = YES;
				IPHONEOS_DEPLOYMENT_TARGET = 14.3;
				MTL_ENABLE_DEBUG_INFO = NO;
				MTL_FAST_MATH = YES;
				SDKROOT = iphoneos;
				SWIFT_COMPILATION_MODE = wholemodule;
				SWIFT_OPTIMIZATION_LEVEL = "-O";
				VALIDATE_PRODUCT = YES;
			};
			name = Release;
		};
		8C103C1C262B00E600EEEF6D /* Debug */ = {
			isa = XCBuildConfiguration;
			baseConfigurationReference = C3C2FB46828D92EA4DCCA477 /* Pods-DemoCicd.debug.xcconfig */;
			buildSettings = {
				ASSETCATALOG_COMPILER_APPICON_NAME = AppIcon;
				ASSETCATALOG_COMPILER_GLOBAL_ACCENT_COLOR_NAME = AccentColor;
				CODE_SIGN_STYLE = Automatic;
				DEVELOPMENT_TEAM = TP974XH7P5;
				INFOPLIST_FILE = DemoCicd/Info.plist;
				LD_RUNPATH_SEARCH_PATHS = (
					"$(inherited)",
					"@executable_path/Frameworks",
				);
				PRODUCT_BUNDLE_IDENTIFIER = "com.zimozi.-AssesmentEmotions.DemoCicd1";
				PRODUCT_NAME = "$(TARGET_NAME)";
				SWIFT_VERSION = 5.0;
				TARGETED_DEVICE_FAMILY = "1,2";
			};
			name = Debug;
		};
		8C103C1D262B00E600EEEF6D /* Release */ = {
			isa = XCBuildConfiguration;
			baseConfigurationReference = 50CAC7BA23851EC2B160DA61 /* Pods-DemoCicd.release.xcconfig */;
			buildSettings = {
				ASSETCATALOG_COMPILER_APPICON_NAME = AppIcon;
				ASSETCATALOG_COMPILER_GLOBAL_ACCENT_COLOR_NAME = AccentColor;
				CODE_SIGN_STYLE = Automatic;
				DEVELOPMENT_TEAM = TP974XH7P5;
				INFOPLIST_FILE = DemoCicd/Info.plist;
				LD_RUNPATH_SEARCH_PATHS = (
					"$(inherited)",
					"@executable_path/Frameworks",
				);
				PRODUCT_BUNDLE_IDENTIFIER = "com.zimozi.-AssesmentEmotions.DemoCicd1";
				PRODUCT_NAME = "$(TARGET_NAME)";
				SWIFT_VERSION = 5.0;
				TARGETED_DEVICE_FAMILY = "1,2";
			};
			name = Release;
		};
		8C103C1F262B00E600EEEF6D /* Debug */ = {
			isa = XCBuildConfiguration;
			baseConfigurationReference = 6DEC06DFFB63B5AF27A08DE0 /* Pods-DemoCicdTests.debug.xcconfig */;
			buildSettings = {
				ALWAYS_EMBED_SWIFT_STANDARD_LIBRARIES = YES;
				BUNDLE_LOADER = "$(TEST_HOST)";
				CODE_SIGN_STYLE = Automatic;
				INFOPLIST_FILE = DemoCicdTests/Info.plist;
				IPHONEOS_DEPLOYMENT_TARGET = 14.3;
				LD_RUNPATH_SEARCH_PATHS = (
					"$(inherited)",
					"@executable_path/Frameworks",
					"@loader_path/Frameworks",
				);
				PRODUCT_BUNDLE_IDENTIFIER = "com.zimozi.-AssesmentEmotions.DemoCicdTests";
				PRODUCT_NAME = "$(TARGET_NAME)";
				SWIFT_VERSION = 5.0;
				TARGETED_DEVICE_FAMILY = "1,2";
				TEST_HOST = "$(BUILT_PRODUCTS_DIR)/DemoCicd.app/DemoCicd";
			};
			name = Debug;
		};
		8C103C20262B00E600EEEF6D /* Release */ = {
			isa = XCBuildConfiguration;
			baseConfigurationReference = ACA0103B458722E6924388A8 /* Pods-DemoCicdTests.release.xcconfig */;
			buildSettings = {
				ALWAYS_EMBED_SWIFT_STANDARD_LIBRARIES = YES;
				BUNDLE_LOADER = "$(TEST_HOST)";
				CODE_SIGN_STYLE = Automatic;
				INFOPLIST_FILE = DemoCicdTests/Info.plist;
				IPHONEOS_DEPLOYMENT_TARGET = 14.3;
				LD_RUNPATH_SEARCH_PATHS = (
					"$(inherited)",
					"@executable_path/Frameworks",
					"@loader_path/Frameworks",
				);
				PRODUCT_BUNDLE_IDENTIFIER = "com.zimozi.-AssesmentEmotions.DemoCicdTests";
				PRODUCT_NAME = "$(TARGET_NAME)";
				SWIFT_VERSION = 5.0;
				TARGETED_DEVICE_FAMILY = "1,2";
				TEST_HOST = "$(BUILT_PRODUCTS_DIR)/DemoCicd.app/DemoCicd";
			};
			name = Release;
		};
		8C103C22262B00E600EEEF6D /* Debug */ = {
			isa = XCBuildConfiguration;
			baseConfigurationReference = F9C82C5FD1AFD79026370961 /* Pods-DemoCicd-DemoCicdUITests.debug.xcconfig */;
			buildSettings = {
				ALWAYS_EMBED_SWIFT_STANDARD_LIBRARIES = YES;
				CODE_SIGN_STYLE = Automatic;
				INFOPLIST_FILE = DemoCicdUITests/Info.plist;
				LD_RUNPATH_SEARCH_PATHS = (
					"$(inherited)",
					"@executable_path/Frameworks",
					"@loader_path/Frameworks",
				);
				PRODUCT_BUNDLE_IDENTIFIER = "com.zimozi.-AssesmentEmotions.DemoCicdUITests";
				PRODUCT_NAME = "$(TARGET_NAME)";
				SWIFT_VERSION = 5.0;
				TARGETED_DEVICE_FAMILY = "1,2";
				TEST_TARGET_NAME = DemoCicd;
			};
			name = Debug;
		};
		8C103C23262B00E600EEEF6D /* Release */ = {
			isa = XCBuildConfiguration;
			baseConfigurationReference = 5D67096DD4E44C18CF26D314 /* Pods-DemoCicd-DemoCicdUITests.release.xcconfig */;
			buildSettings = {
				ALWAYS_EMBED_SWIFT_STANDARD_LIBRARIES = YES;
				CODE_SIGN_STYLE = Automatic;
				INFOPLIST_FILE = DemoCicdUITests/Info.plist;
				LD_RUNPATH_SEARCH_PATHS = (
					"$(inherited)",
					"@executable_path/Frameworks",
					"@loader_path/Frameworks",
				);
				PRODUCT_BUNDLE_IDENTIFIER = "com.zimozi.-AssesmentEmotions.DemoCicdUITests";
				PRODUCT_NAME = "$(TARGET_NAME)";
				SWIFT_VERSION = 5.0;
				TARGETED_DEVICE_FAMILY = "1,2";
				TEST_TARGET_NAME = DemoCicd;
			};
			name = Release;
		};
/* End XCBuildConfiguration section */

/* Begin XCConfigurationList section */
		8C103BEC262B00E400EEEF6D /* Build configuration list for PBXProject "DemoCicd" */ = {
			isa = XCConfigurationList;
			buildConfigurations = (
				8C103C19262B00E600EEEF6D /* Debug */,
				8C103C1A262B00E600EEEF6D /* Release */,
			);
			defaultConfigurationIsVisible = 0;
			defaultConfigurationName = Release;
		};
		8C103C1B262B00E600EEEF6D /* Build configuration list for PBXNativeTarget "DemoCicd" */ = {
			isa = XCConfigurationList;
			buildConfigurations = (
				8C103C1C262B00E600EEEF6D /* Debug */,
				8C103C1D262B00E600EEEF6D /* Release */,
			);
			defaultConfigurationIsVisible = 0;
			defaultConfigurationName = Release;
		};
		8C103C1E262B00E600EEEF6D /* Build configuration list for PBXNativeTarget "DemoCicdTests" */ = {
			isa = XCConfigurationList;
			buildConfigurations = (
				8C103C1F262B00E600EEEF6D /* Debug */,
				8C103C20262B00E600EEEF6D /* Release */,
			);
			defaultConfigurationIsVisible = 0;
			defaultConfigurationName = Release;
		};
		8C103C21262B00E600EEEF6D /* Build configuration list for PBXNativeTarget "DemoCicdUITests" */ = {
			isa = XCConfigurationList;
			buildConfigurations = (
				8C103C22262B00E600EEEF6D /* Debug */,
				8C103C23262B00E600EEEF6D /* Release */,
			);
			defaultConfigurationIsVisible = 0;
			defaultConfigurationName = Release;
		};
/* End XCConfigurationList section */
	};
	rootObject = 8C103BE9262B00E400EEEF6D /* Project object */;
}
